
Microsoft Visual Studio Solution File, Format Version 12.00
# Visual Studio 15
VisualStudioVersion = 15.0.27428.2015
MinimumVisualStudioVersion = 10.0.40219.1
Project("{9A19103F-16F7-4668-BE54-9A1E7A4F7556}") = "VendingMachine", "DotNetCore2UI\VendingMachine.csproj", "{501F63A1-43F0-4D97-AD16-BF28C1CA9F6D}"
EndProject
Project("{9A19103F-16F7-4668-BE54-9A1E7A4F7556}") = "VendingMachineUnitTests", "VendingMachineUnitTests\VendingMachineUnitTests.csproj", "{EA11715A-6F05-4AAD-824F-A05A62734F3E}"
EndProject
Project("{9A19103F-16F7-4668-BE54-9A1E7A4F7556}") = "VendingMachineBusinessLogic", "VendingMachineBusinessLogic\VendingMachineBusinessLogic.csproj", "{D4F843DF-C8C0-4B8F-A551-25348821BB3F}"
EndProject
Global
	GlobalSection(SolutionConfigurationPlatforms) = preSolution
		Debug|Any CPU = Debug|Any CPU
		Release|Any CPU = Release|Any CPU
	EndGlobalSection
	GlobalSection(ProjectConfigurationPlatforms) = postSolution
		{501F63A1-43F0-4D97-AD16-BF28C1CA9F6D}.Debug|Any CPU.ActiveCfg = Debug|Any CPU
		{501F63A1-43F0-4D97-AD16-BF28C1CA9F6D}.Debug|Any CPU.Build.0 = Debug|Any CPU
		{501F63A1-43F0-4D97-AD16-BF28C1CA9F6D}.Release|Any CPU.ActiveCfg = Release|Any CPU
		{501F63A1-43F0-4D97-AD16-BF28C1CA9F6D}.Release|Any CPU.Build.0 = Release|Any CPU
		{EA11715A-6F05-4AAD-824F-A05A62734F3E}.Debug|Any CPU.ActiveCfg = Debug|Any CPU
		{EA11715A-6F05-4AAD-824F-A05A62734F3E}.Debug|Any CPU.Build.0 = Debug|Any CPU
		{EA11715A-6F05-4AAD-824F-A05A62734F3E}.Release|Any CPU.ActiveCfg = Release|Any CPU
		{EA11715A-6F05-4AAD-824F-A05A62734F3E}.Release|Any CPU.Build.0 = Release|Any CPU
		{D4F843DF-C8C0-4B8F-A551-25348821BB3F}.Debug|Any CPU.ActiveCfg = Debug|Any CPU
		{D4F843DF-C8C0-4B8F-A551-25348821BB3F}.Debug|Any CPU.Build.0 = Debug|Any CPU
		{D4F843DF-C8C0-4B8F-A551-25348821BB3F}.Release|Any CPU.ActiveCfg = Release|Any CPU
		{D4F843DF-C8C0-4B8F-A551-25348821BB3F}.Release|Any CPU.Build.0 = Release|Any CPU
	EndGlobalSection
	GlobalSection(SolutionProperties) = preSolution
		HideSolutionNode = FALSE
	EndGlobalSection
	GlobalSection(ExtensibilityGlobals) = postSolution
		SolutionGuid = {22A1CE97-E55B-4FE0-BE19-23A5F255ECF4}
	EndGlobalSection
EndGlobal
